
Microsoft Visual Studio Solution File, Format Version 12.00
# Visual Studio Version 17
VisualStudioVersion = 17.0.32014.148
MinimumVisualStudioVersion = 10.0.40219.1
Project("{2150E333-8FDC-42A3-9474-1A3956D46DE8}") = "src", "src", "{3305028B-C481-4CFC-AF4E-44F7EC1F6689}"
EndProject
Project("{2150E333-8FDC-42A3-9474-1A3956D46DE8}") = "Core", "Core", "{D74F9EDA-1A51-461A-B922-A64730E58FC4}"
EndProject
Project("{2150E333-8FDC-42A3-9474-1A3956D46DE8}") = "Infrastructure", "Infrastructure", "{EC17241A-33C6-4066-BA09-32D2A8BF2539}"
EndProject
Project("{9A19103F-16F7-4668-BE54-9A1E7A4F7556}") = "Feedback360.Application", "Feedback360\src\Core\Feedback360.Application\Feedback360.Application.csproj", "{6870483C-6EC8-4051-AF67-271166CDE32E}"
EndProject
Project("{9A19103F-16F7-4668-BE54-9A1E7A4F7556}") = "Feedback360.Domain", "Feedback360\src\Core\Feedback360.Domain\Feedback360.Domain.csproj", "{200DC424-3BBE-4A07-92C9-7216DAA7CF34}"
EndProject
Project("{9A19103F-16F7-4668-BE54-9A1E7A4F7556}") = "Feedback360.Identity", "Feedback360\src\Infrastructure\Feedback360.Identity\Feedback360.Identity.csproj", "{5C942022-238E-4A89-B876-FA781E0BA7D8}"
EndProject
Project("{9A19103F-16F7-4668-BE54-9A1E7A4F7556}") = "Feedback360.Infrastructure", "Feedback360\src\Infrastructure\Feedback360.Infrastructure\Feedback360.Infrastructure.csproj", "{C286E789-92B2-4B4A-BAB6-7C97B8693BC6}"
EndProject
Project("{9A19103F-16F7-4668-BE54-9A1E7A4F7556}") = "Feedback360.Persistence", "Feedback360\src\Infrastructure\Feedback360.Persistence\Feedback360.Persistence.csproj", "{4C6527AE-561C-4947-B33B-DF431E554D54}"
EndProject
Project("{2150E333-8FDC-42A3-9474-1A3956D46DE8}") = "test", "test", "{31F4EC1D-1A46-4C41-91B7-31BB47DECFA5}"
EndProject
Project("{9A19103F-16F7-4668-BE54-9A1E7A4F7556}") = "Feedback360.Persistence.IntegrationTests", "Feedback360\test\Feedback360.Persistence.IntegrationTests\Feedback360.Persistence.IntegrationTests.csproj", "{A80483C8-298B-44B5-B005-E033AA63CFEF}"
	ProjectSection(ProjectDependencies) = postProject
		{6870483C-6EC8-4051-AF67-271166CDE32E} = {6870483C-6EC8-4051-AF67-271166CDE32E}
		{200DC424-3BBE-4A07-92C9-7216DAA7CF34} = {200DC424-3BBE-4A07-92C9-7216DAA7CF34}
		{4C6527AE-561C-4947-B33B-DF431E554D54} = {4C6527AE-561C-4947-B33B-DF431E554D54}
		{5C942022-238E-4A89-B876-FA781E0BA7D8} = {5C942022-238E-4A89-B876-FA781E0BA7D8}
	EndProjectSection
EndProject
Project("{9A19103F-16F7-4668-BE54-9A1E7A4F7556}") = "Feedback360.Application.UnitTests", "Feedback360\test\Feedback360.Application.UnitTests\Feedback360.Application.UnitTests.csproj", "{7A25DBD1-370D-4AE8-911A-7FE399C98464}"
EndProject
Project("{9A19103F-16F7-4668-BE54-9A1E7A4F7556}") = "Feedback360.Identity.UnitTests", "Feedback360\test\Feedback360.Identity.UnitTests\Feedback360.Identity.UnitTests.csproj", "{2E8F96F3-8DDE-4BBC-9807-6C28F98664B7}"
EndProject
Project("{9A19103F-16F7-4668-BE54-9A1E7A4F7556}") = "Feedback360.Infrastructure.UnitTests", "Feedback360\test\Feedback360.Infrastructure.UnitTests\Feedback360.Infrastructure.UnitTests.csproj", "{BDAFAEAA-6BA8-49DA-A83F-077FFD6B2BDE}"
EndProject
Project("{2150E333-8FDC-42A3-9474-1A3956D46DE8}") = "API", "API", "{F455B42C-815A-49FE-A4BB-9B415F035491}"
EndProject
Project("{9A19103F-16F7-4668-BE54-9A1E7A4F7556}") = "Feedback360.Api", "Feedback360\src\API\Feedback360.Api\Feedback360.Api.csproj", "{D173E3A4-E73F-4668-84C0-322A1D901A20}"
EndProject
Project("{9A19103F-16F7-4668-BE54-9A1E7A4F7556}") = "Feedback360.API.IntegrationTests", "Feedback360\test\Feedback360.API.IntegrationTests\Feedback360.API.IntegrationTests.csproj", "{68A18FD0-600F-46E5-844A-9FD284A6EC26}"
EndProject
Project("{9A19103F-16F7-4668-BE54-9A1E7A4F7556}") = "Feedback360.API.UnitTests", "Feedback360\test\Feedback360.API.UnitTests\Feedback360.API.UnitTests.csproj", "{ECC9FC45-71BA-438D-95D6-2AA1E1DD2D7D}"
EndProject
Global
	GlobalSection(SolutionConfigurationPlatforms) = preSolution
		Debug|Any CPU = Debug|Any CPU
		Release|Any CPU = Release|Any CPU
	EndGlobalSection
	GlobalSection(ProjectConfigurationPlatforms) = postSolution
		{6870483C-6EC8-4051-AF67-271166CDE32E}.Debug|Any CPU.ActiveCfg = Debug|Any CPU
		{6870483C-6EC8-4051-AF67-271166CDE32E}.Debug|Any CPU.Build.0 = Debug|Any CPU
		{6870483C-6EC8-4051-AF67-271166CDE32E}.Release|Any CPU.ActiveCfg = Release|Any CPU
		{6870483C-6EC8-4051-AF67-271166CDE32E}.Release|Any CPU.Build.0 = Release|Any CPU
		{200DC424-3BBE-4A07-92C9-7216DAA7CF34}.Debug|Any CPU.ActiveCfg = Debug|Any CPU
		{200DC424-3BBE-4A07-92C9-7216DAA7CF34}.Debug|Any CPU.Build.0 = Debug|Any CPU
		{200DC424-3BBE-4A07-92C9-7216DAA7CF34}.Release|Any CPU.ActiveCfg = Release|Any CPU
		{200DC424-3BBE-4A07-92C9-7216DAA7CF34}.Release|Any CPU.Build.0 = Release|Any CPU
		{5C942022-238E-4A89-B876-FA781E0BA7D8}.Debug|Any CPU.ActiveCfg = Debug|Any CPU
		{5C942022-238E-4A89-B876-FA781E0BA7D8}.Debug|Any CPU.Build.0 = Debug|Any CPU
		{5C942022-238E-4A89-B876-FA781E0BA7D8}.Release|Any CPU.ActiveCfg = Release|Any CPU
		{5C942022-238E-4A89-B876-FA781E0BA7D8}.Release|Any CPU.Build.0 = Release|Any CPU
		{C286E789-92B2-4B4A-BAB6-7C97B8693BC6}.Debug|Any CPU.ActiveCfg = Debug|Any CPU
		{C286E789-92B2-4B4A-BAB6-7C97B8693BC6}.Debug|Any CPU.Build.0 = Debug|Any CPU
		{C286E789-92B2-4B4A-BAB6-7C97B8693BC6}.Release|Any CPU.ActiveCfg = Release|Any CPU
		{C286E789-92B2-4B4A-BAB6-7C97B8693BC6}.Release|Any CPU.Build.0 = Release|Any CPU
		{4C6527AE-561C-4947-B33B-DF431E554D54}.Debug|Any CPU.ActiveCfg = Debug|Any CPU
		{4C6527AE-561C-4947-B33B-DF431E554D54}.Debug|Any CPU.Build.0 = Debug|Any CPU
		{4C6527AE-561C-4947-B33B-DF431E554D54}.Release|Any CPU.ActiveCfg = Release|Any CPU
		{4C6527AE-561C-4947-B33B-DF431E554D54}.Release|Any CPU.Build.0 = Release|Any CPU
		{A80483C8-298B-44B5-B005-E033AA63CFEF}.Debug|Any CPU.ActiveCfg = Debug|Any CPU
		{A80483C8-298B-44B5-B005-E033AA63CFEF}.Debug|Any CPU.Build.0 = Debug|Any CPU
		{A80483C8-298B-44B5-B005-E033AA63CFEF}.Release|Any CPU.ActiveCfg = Release|Any CPU
		{A80483C8-298B-44B5-B005-E033AA63CFEF}.Release|Any CPU.Build.0 = Release|Any CPU
		{7A25DBD1-370D-4AE8-911A-7FE399C98464}.Debug|Any CPU.ActiveCfg = Debug|Any CPU
		{7A25DBD1-370D-4AE8-911A-7FE399C98464}.Debug|Any CPU.Build.0 = Debug|Any CPU
		{7A25DBD1-370D-4AE8-911A-7FE399C98464}.Release|Any CPU.ActiveCfg = Release|Any CPU
		{7A25DBD1-370D-4AE8-911A-7FE399C98464}.Release|Any CPU.Build.0 = Release|Any CPU
		{2E8F96F3-8DDE-4BBC-9807-6C28F98664B7}.Debug|Any CPU.ActiveCfg = Debug|Any CPU
		{2E8F96F3-8DDE-4BBC-9807-6C28F98664B7}.Debug|Any CPU.Build.0 = Debug|Any CPU
		{2E8F96F3-8DDE-4BBC-9807-6C28F98664B7}.Release|Any CPU.ActiveCfg = Release|Any CPU
		{2E8F96F3-8DDE-4BBC-9807-6C28F98664B7}.Release|Any CPU.Build.0 = Release|Any CPU
		{BDAFAEAA-6BA8-49DA-A83F-077FFD6B2BDE}.Debug|Any CPU.ActiveCfg = Debug|Any CPU
		{BDAFAEAA-6BA8-49DA-A83F-077FFD6B2BDE}.Debug|Any CPU.Build.0 = Debug|Any CPU
		{BDAFAEAA-6BA8-49DA-A83F-077FFD6B2BDE}.Release|Any CPU.ActiveCfg = Release|Any CPU
		{BDAFAEAA-6BA8-49DA-A83F-077FFD6B2BDE}.Release|Any CPU.Build.0 = Release|Any CPU
		{D173E3A4-E73F-4668-84C0-322A1D901A20}.Debug|Any CPU.ActiveCfg = Debug|Any CPU
		{D173E3A4-E73F-4668-84C0-322A1D901A20}.Debug|Any CPU.Build.0 = Debug|Any CPU
		{D173E3A4-E73F-4668-84C0-322A1D901A20}.Release|Any CPU.ActiveCfg = Release|Any CPU
		{D173E3A4-E73F-4668-84C0-322A1D901A20}.Release|Any CPU.Build.0 = Release|Any CPU
		{68A18FD0-600F-46E5-844A-9FD284A6EC26}.Debug|Any CPU.ActiveCfg = Debug|Any CPU
		{68A18FD0-600F-46E5-844A-9FD284A6EC26}.Debug|Any CPU.Build.0 = Debug|Any CPU
		{68A18FD0-600F-46E5-844A-9FD284A6EC26}.Release|Any CPU.ActiveCfg = Release|Any CPU
		{68A18FD0-600F-46E5-844A-9FD284A6EC26}.Release|Any CPU.Build.0 = Release|Any CPU
		{ECC9FC45-71BA-438D-95D6-2AA1E1DD2D7D}.Debug|Any CPU.ActiveCfg = Debug|Any CPU
		{ECC9FC45-71BA-438D-95D6-2AA1E1DD2D7D}.Debug|Any CPU.Build.0 = Debug|Any CPU
		{ECC9FC45-71BA-438D-95D6-2AA1E1DD2D7D}.Release|Any CPU.ActiveCfg = Release|Any CPU
		{ECC9FC45-71BA-438D-95D6-2AA1E1DD2D7D}.Release|Any CPU.Build.0 = Release|Any CPU
	EndGlobalSection
	GlobalSection(SolutionProperties) = preSolution
		HideSolutionNode = FALSE
	EndGlobalSection
	GlobalSection(NestedProjects) = preSolution
		{D74F9EDA-1A51-461A-B922-A64730E58FC4} = {3305028B-C481-4CFC-AF4E-44F7EC1F6689}
		{EC17241A-33C6-4066-BA09-32D2A8BF2539} = {3305028B-C481-4CFC-AF4E-44F7EC1F6689}
		{6870483C-6EC8-4051-AF67-271166CDE32E} = {D74F9EDA-1A51-461A-B922-A64730E58FC4}
		{200DC424-3BBE-4A07-92C9-7216DAA7CF34} = {D74F9EDA-1A51-461A-B922-A64730E58FC4}
		{5C942022-238E-4A89-B876-FA781E0BA7D8} = {EC17241A-33C6-4066-BA09-32D2A8BF2539}
		{C286E789-92B2-4B4A-BAB6-7C97B8693BC6} = {EC17241A-33C6-4066-BA09-32D2A8BF2539}
		{4C6527AE-561C-4947-B33B-DF431E554D54} = {EC17241A-33C6-4066-BA09-32D2A8BF2539}
		{A80483C8-298B-44B5-B005-E033AA63CFEF} = {31F4EC1D-1A46-4C41-91B7-31BB47DECFA5}
		{7A25DBD1-370D-4AE8-911A-7FE399C98464} = {31F4EC1D-1A46-4C41-91B7-31BB47DECFA5}
		{2E8F96F3-8DDE-4BBC-9807-6C28F98664B7} = {31F4EC1D-1A46-4C41-91B7-31BB47DECFA5}
		{BDAFAEAA-6BA8-49DA-A83F-077FFD6B2BDE} = {31F4EC1D-1A46-4C41-91B7-31BB47DECFA5}
		{F455B42C-815A-49FE-A4BB-9B415F035491} = {3305028B-C481-4CFC-AF4E-44F7EC1F6689}
		{D173E3A4-E73F-4668-84C0-322A1D901A20} = {F455B42C-815A-49FE-A4BB-9B415F035491}
		{68A18FD0-600F-46E5-844A-9FD284A6EC26} = {31F4EC1D-1A46-4C41-91B7-31BB47DECFA5}
		{ECC9FC45-71BA-438D-95D6-2AA1E1DD2D7D} = {31F4EC1D-1A46-4C41-91B7-31BB47DECFA5}
	EndGlobalSection
	GlobalSection(ExtensibilityGlobals) = postSolution
		SolutionGuid = {920EDF2B-79D6-48A5-AF80-5C4256675664}
	EndGlobalSection
EndGlobal
